<?xml version="1.0" encoding="utf-8"?>
<Project ToolsVersion="4.0" xmlns="http://schemas.microsoft.com/developer/msbuild/2003">
  <ItemGroup>
    <Filter Include="Source Files">
      <UniqueIdentifier>{4FC737F1-C7A5-4376-A066-2A32D752A2FF}</UniqueIdentifier>
      <Extensions>cpp;c;cc;cxx;c++;cppm;ixx;def;odl;idl;hpj;bat;asm;asmx</Extensions>
    </Filter>
    <Filter Include="Header Files">
      <UniqueIdentifier>{93995380-89BD-4b04-88EB-625FBE52EBFB}</UniqueIdentifier>
      <Extensions>h;hh;hpp;hxx;h++;hm;inl;inc;ipp;xsd</Extensions>
    </Filter>
    <Filter Include="Resource Files">
      <UniqueIdentifier>{67DA6AB6-F800-4c08-8B7A-83BB121AAD01}</UniqueIdentifier>
      <Extensions>rc;ico;cur;bmp;dlg;rc2;rct;bin;rgs;gif;jpg;jpeg;jpe;resx;tiff;tif;png;wav;mfcribbon-ms</Extensions>
    </Filter>
    <Filter Include="Builtin Functions">
      <UniqueIdentifier>{581e0103-a624-411c-805d-9c55ee8839fc}</UniqueIdentifier>
    </Filter>
  </ItemGroup>
  <ItemGroup>
    <ClCompile Include="Mylange.cpp">
      <Filter>Source Files</Filter>
    </ClCompile>
    <ClCompile Include="CommandLineInterface.cpp">
      <Filter>Source Files</Filter>
    </ClCompile>
    <ClCompile Include="MylangeInterpreter.cpp">
      <Filter>Source Files</Filter>
    </ClCompile>
    <ClCompile Include="MylangeFileInterface.cpp">
      <Filter>Source Files</Filter>
    </ClCompile>
    <ClCompile Include="LanFunction.cpp">
      <Filter>Source Files</Filter>
    </ClCompile>
    <ClCompile Include="LanArithmetic.cpp">
      <Filter>Source Files</Filter>
    </ClCompile>
    <ClCompile Include="LanVariable.cpp">
      <Filter>Source Files</Filter>
    </ClCompile>
    <ClCompile Include="LanIterableEngine.cpp">
      <Filter>Source Files</Filter>
    </ClCompile>
    <ClCompile Include="LanType.cpp">
      <Filter>Source Files</Filter>
    </ClCompile>
    <ClCompile Include="builtin_std.cpp">
      <Filter>Builtin Functions</Filter>
    </ClCompile>
    <ClCompile Include="builtin_io.cpp">
      <Filter>Builtin Functions</Filter>
    </ClCompile>
    <ClCompile Include="ModuleRegistry.cpp">
      <Filter>Builtin Functions</Filter>
    </ClCompile>
    <ClCompile Include="builtin_File.cpp">
      <Filter>Builtin Functions</Filter>
    </ClCompile>
  </ItemGroup>
  <ItemGroup>
    <ClInclude Include="CommandLineInterface.h">
      <Filter>Header Files</Filter>
    </ClInclude>
    <ClInclude Include="MylangeInterpreter.h">
      <Filter>Header Files</Filter>
    </ClInclude>
    <ClInclude Include="LanType.h">
      <Filter>Header Files</Filter>
    </ClInclude>
    <ClInclude Include="LanVariable.h">
      <Filter>Header Files</Filter>
    </ClInclude>
    <ClInclude Include="Utils.h">
      <Filter>Header Files</Filter>
    </ClInclude>
    <ClInclude Include="MylangeFileInterface.h">
      <Filter>Header Files</Filter>
    </ClInclude>
    <ClInclude Include="LanArithmetic.h">
      <Filter>Header Files</Filter>
    </ClInclude>
    <ClInclude Include="LanIterableEngine.h">
      <Filter>Header Files</Filter>
    </ClInclude>
    <ClInclude Include="LanClass.h">
      <Filter>Header Files</Filter>
    </ClInclude>
    <ClInclude Include="MemoryManager.h">
      <Filter>Header Files</Filter>
    </ClInclude>
    <ClInclude Include="ModuleRegistry.h">
      <Filter>Builtin Functions</Filter>
    </ClInclude>
  </ItemGroup>
  <ItemGroup>
    <None Include="example.myl" />
    <None Include="todo.md" />
    <None Include="example2.myl" />
  </ItemGroup>
</Project>